
Microsoft Visual Studio Solution File, Format Version 12.00
# Visual Studio 2013
VisualStudioVersion = 12.0.31101.0
MinimumVisualStudioVersion = 10.0.40219.1
Project("{8BC9CEB8-8B4A-11D0-8D11-00A0C91BC942}") = "PA_0002", "PA_0002\PA_0002.vcxproj", "{8143E1DB-BEE3-4E05-8818-DB0B82035982}"
EndProject
Project("{8BC9CEB8-8B4A-11D0-8D11-00A0C91BC942}") = "PA_0001", "..\PA_0001\PA_0001\PA_0001.vcxproj", "{D94592B3-35D9-42D4-A7E0-36D2CD48DAA2}"
EndProject
Project("{8BC9CEB8-8B4A-11D0-8D11-00A0C91BC942}") = "PA_0003", "..\PA_0003\PA_0003\PA_0003.vcxproj", "{ACA1358C-6AF6-4E06-A49C-FA79EEE47073}"
EndProject
Project("{8BC9CEB8-8B4A-11D0-8D11-00A0C91BC942}") = "PA_0004", "..\PA_0004\PA_0004\PA_0004.vcxproj", "{6B7FA610-774C-48A7-BCE3-9D1DE8D64F61}"
EndProject
Project("{8BC9CEB8-8B4A-11D0-8D11-00A0C91BC942}") = "PA_0005", "..\PA_0005\PA_0005\PA_0005.vcxproj", "{1EAFABD3-A706-4416-A3A8-51B29C44ABBF}"
EndProject
Project("{8BC9CEB8-8B4A-11D0-8D11-00A0C91BC942}") = "PA_0006", "PA_0006\PA_0006.vcxproj", "{72F668C8-FF0A-4822-8CA3-7B46607AB980}"
EndProject
Project("{8BC9CEB8-8B4A-11D0-8D11-00A0C91BC942}") = "PA_0007", "PA_0007\PA_0007.vcxproj", "{54C73DC0-A7CC-47B2-B34D-614AC18E9939}"
EndProject
Global
	GlobalSection(SolutionConfigurationPlatforms) = preSolution
		Debug|Win32 = Debug|Win32
		Release|Win32 = Release|Win32
	EndGlobalSection
	GlobalSection(ProjectConfigurationPlatforms) = postSolution
		{8143E1DB-BEE3-4E05-8818-DB0B82035982}.Debug|Win32.ActiveCfg = Debug|Win32
		{8143E1DB-BEE3-4E05-8818-DB0B82035982}.Debug|Win32.Build.0 = Debug|Win32
		{8143E1DB-BEE3-4E05-8818-DB0B82035982}.Release|Win32.ActiveCfg = Release|Win32
		{8143E1DB-BEE3-4E05-8818-DB0B82035982}.Release|Win32.Build.0 = Release|Win32
		{D94592B3-35D9-42D4-A7E0-36D2CD48DAA2}.Debug|Win32.ActiveCfg = Debug|Win32
		{D94592B3-35D9-42D4-A7E0-36D2CD48DAA2}.Debug|Win32.Build.0 = Debug|Win32
		{D94592B3-35D9-42D4-A7E0-36D2CD48DAA2}.Release|Win32.ActiveCfg = Release|Win32
		{D94592B3-35D9-42D4-A7E0-36D2CD48DAA2}.Release|Win32.Build.0 = Release|Win32
		{ACA1358C-6AF6-4E06-A49C-FA79EEE47073}.Debug|Win32.ActiveCfg = Debug|Win32
		{ACA1358C-6AF6-4E06-A49C-FA79EEE47073}.Debug|Win32.Build.0 = Debug|Win32
		{ACA1358C-6AF6-4E06-A49C-FA79EEE47073}.Release|Win32.ActiveCfg = Release|Win32
		{ACA1358C-6AF6-4E06-A49C-FA79EEE47073}.Release|Win32.Build.0 = Release|Win32
		{6B7FA610-774C-48A7-BCE3-9D1DE8D64F61}.Debug|Win32.ActiveCfg = Debug|Win32
		{6B7FA610-774C-48A7-BCE3-9D1DE8D64F61}.Debug|Win32.Build.0 = Debug|Win32
		{6B7FA610-774C-48A7-BCE3-9D1DE8D64F61}.Release|Win32.ActiveCfg = Release|Win32
		{6B7FA610-774C-48A7-BCE3-9D1DE8D64F61}.Release|Win32.Build.0 = Release|Win32
		{1EAFABD3-A706-4416-A3A8-51B29C44ABBF}.Debug|Win32.ActiveCfg = Debug|Win32
		{1EAFABD3-A706-4416-A3A8-51B29C44ABBF}.Debug|Win32.Build.0 = Debug|Win32
		{1EAFABD3-A706-4416-A3A8-51B29C44ABBF}.Release|Win32.ActiveCfg = Release|Win32
		{1EAFABD3-A706-4416-A3A8-51B29C44ABBF}.Release|Win32.Build.0 = Release|Win32
		{72F668C8-FF0A-4822-8CA3-7B46607AB980}.Debug|Win32.ActiveCfg = Debug|Win32
		{72F668C8-FF0A-4822-8CA3-7B46607AB980}.Debug|Win32.Build.0 = Debug|Win32
		{72F668C8-FF0A-4822-8CA3-7B46607AB980}.Release|Win32.ActiveCfg = Release|Win32
		{72F668C8-FF0A-4822-8CA3-7B46607AB980}.Release|Win32.Build.0 = Release|Win32
		{54C73DC0-A7CC-47B2-B34D-614AC18E9939}.Debug|Win32.ActiveCfg = Debug|Win32
		{54C73DC0-A7CC-47B2-B34D-614AC18E9939}.Debug|Win32.Build.0 = Debug|Win32
		{54C73DC0-A7CC-47B2-B34D-614AC18E9939}.Release|Win32.ActiveCfg = Release|Win32
		{54C73DC0-A7CC-47B2-B34D-614AC18E9939}.Release|Win32.Build.0 = Release|Win32
	EndGlobalSection
	GlobalSection(SolutionProperties) = preSolution
		HideSolutionNode = FALSE
	EndGlobalSection
EndGlobal
